
Microsoft Visual Studio Solution File, Format Version 12.00
# Visual Studio Version 17
VisualStudioVersion = 17.5.002.0
MinimumVisualStudioVersion = 10.0.40219.1
Project("{9A19103F-16F7-4668-BE54-9A1E7A4F7556}") = "MyApiProject", "MyApiProject\MyApiProject.csproj", "{479D8673-2EDC-4675-BC6D-EA90C24380E8}"
EndProject
Global
	GlobalSection(SolutionConfigurationPlatforms) = preSolution
		Debug|Any CPU = Debug|Any CPU
		Release|Any CPU = Release|Any CPU
	EndGlobalSection
	GlobalSection(ProjectConfigurationPlatforms) = postSolution
		{479D8673-2EDC-4675-BC6D-EA90C24380E8}.Debug|Any CPU.ActiveCfg = Debug|Any CPU
		{479D8673-2EDC-4675-BC6D-EA90C24380E8}.Debug|Any CPU.Build.0 = Debug|Any CPU
		{479D8673-2EDC-4675-BC6D-EA90C24380E8}.Release|Any CPU.ActiveCfg = Release|Any CPU
		{479D8673-2EDC-4675-BC6D-EA90C24380E8}.Release|Any CPU.Build.0 = Release|Any CPU
	EndGlobalSection
	GlobalSection(SolutionProperties) = preSolution
		HideSolutionNode = FALSE
	EndGlobalSection
	GlobalSection(ExtensibilityGlobals) = postSolution
		SolutionGuid = {37B73F61-1533-4E76-A28F-835FCB696D69}
	EndGlobalSection
EndGlobal
